
Microsoft Visual Studio Solution File, Format Version 12.00
# Visual Studio 15
VisualStudioVersion = 15.0.27130.2027
MinimumVisualStudioVersion = 10.0.40219.1
Project("{FAE04EC0-301F-11D3-BF4B-00C04F79EFBC}") = "PackageTest", "PackageTest\PackageTest.csproj", "{EF13C730-CFA3-4730-B3D3-515A38A557F8}"
EndProject
Project("{FAE04EC0-301F-11D3-BF4B-00C04F79EFBC}") = "NugetUpdater", "NugetUpdater\NugetUpdater.csproj", "{305CB0EF-CFD2-4847-BF3E-A8D02D44C49F}"
EndProject
Global
	GlobalSection(SolutionConfigurationPlatforms) = preSolution
		Debug|Any CPU = Debug|Any CPU
		Release|Any CPU = Release|Any CPU
	EndGlobalSection
	GlobalSection(ProjectConfigurationPlatforms) = postSolution
		{EF13C730-CFA3-4730-B3D3-515A38A557F8}.Debug|Any CPU.ActiveCfg = Debug|Any CPU
		{EF13C730-CFA3-4730-B3D3-515A38A557F8}.Debug|Any CPU.Build.0 = Debug|Any CPU
		{EF13C730-CFA3-4730-B3D3-515A38A557F8}.Release|Any CPU.ActiveCfg = Release|Any CPU
		{EF13C730-CFA3-4730-B3D3-515A38A557F8}.Release|Any CPU.Build.0 = Release|Any CPU
		{305CB0EF-CFD2-4847-BF3E-A8D02D44C49F}.Debug|Any CPU.ActiveCfg = Debug|Any CPU
		{305CB0EF-CFD2-4847-BF3E-A8D02D44C49F}.Debug|Any CPU.Build.0 = Debug|Any CPU
		{305CB0EF-CFD2-4847-BF3E-A8D02D44C49F}.Release|Any CPU.ActiveCfg = Release|Any CPU
		{305CB0EF-CFD2-4847-BF3E-A8D02D44C49F}.Release|Any CPU.Build.0 = Release|Any CPU
	EndGlobalSection
	GlobalSection(SolutionProperties) = preSolution
		HideSolutionNode = FALSE
	EndGlobalSection
	GlobalSection(ExtensibilityGlobals) = postSolution
		SolutionGuid = {8A7FBD01-8849-4050-9899-F347A88EBF55}
	EndGlobalSection
EndGlobal
